schema: '2.0'
stages:
  make_dataset:
    cmd: python .\src\data\make_dataset.py .\data\raw\creditcard.csv
    deps:
    - path: .\data\raw\creditcard.csv
      hash: md5
      md5: e90efcb83d69faf99fcab8b0255024de
      size: 150828752
    - path: .\src\data\make_dataset.py
      hash: md5
      md5: 6c21118256e4709dbab14a53c1ffbcb3
      size: 1275
    params:
      params.yaml:
        make_dataset.seed: 2023
        make_dataset.test_split: 0.3
    outs:
    - path: .\data\processed\
      hash: md5
      md5: 2d01ad8a37e259a91ddf41353aa07bcd.dir
      size: 151102527
      nfiles: 2
  train_model:
    cmd: python .\src\models\train_model.py .\data\processed\
    deps:
    - path: .\data\processed\
      hash: md5
      md5: 2d01ad8a37e259a91ddf41353aa07bcd.dir
      size: 151102527
      nfiles: 2
    - path: .\src\models\train_model.py
      hash: md5
      md5: ac5b378ca7a5a11aeb9b2a773a19af55
      size: 1318
    outs:
    - path: .\models\
      hash: md5
      md5: 437733dfd9591a05e4df83ecb9afc40c.dir
      size: 879769
      nfiles: 1
  visualize:
    cmd: python .\src\visualization\visualize.py .\models\model.joblib .\data\processed\
    deps:
    - path: .\data\processed\
      hash: md5
      md5: 2d01ad8a37e259a91ddf41353aa07bcd.dir
      size: 151102527
      nfiles: 2
    - path: .\models\model.joblib
      hash: md5
      md5: c4a6171431652d82e6be9ce46a50754d
      size: 879769
    - path: .\src\visualization\visualize.py
      hash: md5
      md5: fab393d201507efed695c618965f996f
      size: 3673
    outs:
    - path: dvclive
      hash: md5
      md5: a9a53e68d15663909d145b5160bc0643.dir
      size: 50701437
      nfiles: 8
