schema: '2.0'
stages:
  make_dataset:
    cmd: python .\src\data\make_dataset.py .\data\raw\creditcard.csv
    deps:
    - path: .\data\raw\creditcard.csv
      hash: md5
      md5: e90efcb83d69faf99fcab8b0255024de
      size: 150828752
    - path: .\src\data\make_dataset.py
      hash: md5
      md5: 6c21118256e4709dbab14a53c1ffbcb3
      size: 1275
    params:
      params.yaml:
        make_dataset.seed: 2023
        make_dataset.test_split: 0.2
    outs:
    - path: .\data\processed\
      hash: md5
      md5: c1fe38e0fb7a0bc7f30cdd6de224dc94.dir
      size: 151102527
      nfiles: 2
  train_model:
    cmd: python .\src\models\train_model.py .\data\processed\
    deps:
    - path: .\data\processed\
      hash: md5
      md5: c1fe38e0fb7a0bc7f30cdd6de224dc94.dir
      size: 151102527
      nfiles: 2
    - path: .\src\models\train_model.py
      hash: md5
      md5: ac5b378ca7a5a11aeb9b2a773a19af55
      size: 1318
    outs:
    - path: .\models\
      hash: md5
      md5: 06d644c016082a2d5f98268f244b5e6f.dir
      size: 360569
      nfiles: 1
  visualize:
    cmd: python .\src\visualization\visualize.py .\models\model.joblib .\data\processed\
    deps:
    - path: .\data\processed\
      hash: md5
      md5: c1fe38e0fb7a0bc7f30cdd6de224dc94.dir
      size: 151102527
      nfiles: 2
    - path: .\models\model.joblib
      hash: md5
      md5: b6d36a3de857b929e6c4272edb8c755f
      size: 360569
    - path: .\src\visualization\visualize.py
      hash: md5
      md5: 47f6a21d38570c48fdfd2f11d6e0acee
      size: 3560
    outs:
    - path: dvclive
      hash: md5
      md5: 68897b074cfdd9d6f29cf14876cf6489.dir
      size: 23224665
      nfiles: 8
